
Microsoft Visual Studio Solution File, Format Version 12.00
# Visual Studio Version 17
VisualStudioVersion = 17.11.35303.130
MinimumVisualStudioVersion = 10.0.40219.1
Project("{9A19103F-16F7-4668-BE54-9A1E7A4F7556}") = "LewdTeleport", "LewdTeleport\LewdTeleport.csproj", "{4AF641FE-CE74-4B3B-B1F4-8726A3686A56}"
EndProject
Global
	GlobalSection(SolutionConfigurationPlatforms) = preSolution
		Debug|Any CPU = Debug|Any CPU
		Release|Any CPU = Release|Any CPU
	EndGlobalSection
	GlobalSection(ProjectConfigurationPlatforms) = postSolution
		{4AF641FE-CE74-4B3B-B1F4-8726A3686A56}.Debug|Any CPU.ActiveCfg = Debug|Any CPU
		{4AF641FE-CE74-4B3B-B1F4-8726A3686A56}.Debug|Any CPU.Build.0 = Debug|Any CPU
		{4AF641FE-CE74-4B3B-B1F4-8726A3686A56}.Release|Any CPU.ActiveCfg = Release|Any CPU
		{4AF641FE-CE74-4B3B-B1F4-8726A3686A56}.Release|Any CPU.Build.0 = Release|Any CPU
	EndGlobalSection
	GlobalSection(SolutionProperties) = preSolution
		HideSolutionNode = FALSE
	EndGlobalSection
	GlobalSection(ExtensibilityGlobals) = postSolution
		SolutionGuid = {D4A2E429-5989-4BBB-8193-270AD21D1F61}
	EndGlobalSection
EndGlobal
